// !$*UTF8*$!
{
	archiveVersion = 1;
	classes = {
	};
	objectVersion = 50;
	objects = {

/* Begin PBXBuildFile section */
		C68D917F268FE7BC00FB9741 /* AppDelegate.swift in Sources */ = {isa = PBXBuildFile; fileRef = C68D917E268FE7BC00FB9741 /* AppDelegate.swift */; };
		C68D9181268FE7BC00FB9741 /* SceneDelegate.swift in Sources */ = {isa = PBXBuildFile; fileRef = C68D9180268FE7BC00FB9741 /* SceneDelegate.swift */; };
		C68D9183268FE7BC00FB9741 /* MapViewController.swift in Sources */ = {isa = PBXBuildFile; fileRef = C68D9182268FE7BC00FB9741 /* MapViewController.swift */; };
		C68D9186268FE7BC00FB9741 /* Main.storyboard in Resources */ = {isa = PBXBuildFile; fileRef = C68D9184268FE7BC00FB9741 /* Main.storyboard */; };
		C68D9188268FE7BF00FB9741 /* Assets.xcassets in Resources */ = {isa = PBXBuildFile; fileRef = C68D9187268FE7BF00FB9741 /* Assets.xcassets */; };
		C68D918B268FE7BF00FB9741 /* LaunchScreen.storyboard in Resources */ = {isa = PBXBuildFile; fileRef = C68D9189268FE7BF00FB9741 /* LaunchScreen.storyboard */; };
		C68D9195268FF15C00FB9741 /* EndPoint.swift in Sources */ = {isa = PBXBuildFile; fileRef = C68D9194268FF15C00FB9741 /* EndPoint.swift */; };
		C68D9197268FF28100FB9741 /* ApiClient.swift in Sources */ = {isa = PBXBuildFile; fileRef = C68D9196268FF28100FB9741 /* ApiClient.swift */; };
		C68D919B268FF30800FB9741 /* ErrorResponse.swift in Sources */ = {isa = PBXBuildFile; fileRef = C68D919A268FF30800FB9741 /* ErrorResponse.swift */; };
		C68D919D268FF3DC00FB9741 /* PhotoResponse.swift in Sources */ = {isa = PBXBuildFile; fileRef = C68D919C268FF3DC00FB9741 /* PhotoResponse.swift */; };
		C68D91A2268FFB9E00FB9741 /* VirtualTourist.xcdatamodeld in Sources */ = {isa = PBXBuildFile; fileRef = C68D91A0268FFB9E00FB9741 /* VirtualTourist.xcdatamodeld */; };
		C68D91A7269006BA00FB9741 /* DataController.swift in Sources */ = {isa = PBXBuildFile; fileRef = C68D91A6269006BA00FB9741 /* DataController.swift */; };
		C68D91A92690082D00FB9741 /* DataController+Extensions.swift in Sources */ = {isa = PBXBuildFile; fileRef = C68D91A82690082D00FB9741 /* DataController+Extensions.swift */; };
		C68D91AC2690089800FB9741 /* Pin+Extension.swift in Sources */ = {isa = PBXBuildFile; fileRef = C68D91AB2690089800FB9741 /* Pin+Extension.swift */; };
		C68D91AE269008CF00FB9741 /* Photo+Extension.swift in Sources */ = {isa = PBXBuildFile; fileRef = C68D91AD269008CF00FB9741 /* Photo+Extension.swift */; };
		C68D91B126900C1300FB9741 /* CustomPointAnnotation.swift in Sources */ = {isa = PBXBuildFile; fileRef = C68D91B026900C1300FB9741 /* CustomPointAnnotation.swift */; };
		C68D91B426902CB600FB9741 /* PhotoViewController.swift in Sources */ = {isa = PBXBuildFile; fileRef = C68D91B326902CB600FB9741 /* PhotoViewController.swift */; };
		C68D91B62690361700FB9741 /* PhotoViewCell.swift in Sources */ = {isa = PBXBuildFile; fileRef = C68D91B52690361700FB9741 /* PhotoViewCell.swift */; };
		C68D91B82690392300FB9741 /* PhotoViewController+Map.swift in Sources */ = {isa = PBXBuildFile; fileRef = C68D91B72690392300FB9741 /* PhotoViewController+Map.swift */; };
/* End PBXBuildFile section */

/* Begin PBXFileReference section */
		C68D917B268FE7BC00FB9741 /* VirtualTourist.app */ = {isa = PBXFileReference; explicitFileType = wrapper.application; includeInIndex = 0; path = VirtualTourist.app; sourceTree = BUILT_PRODUCTS_DIR; };
		C68D917E268FE7BC00FB9741 /* AppDelegate.swift */ = {isa = PBXFileReference; lastKnownFileType = sourcecode.swift; path = AppDelegate.swift; sourceTree = "<group>"; };
		C68D9180268FE7BC00FB9741 /* SceneDelegate.swift */ = {isa = PBXFileReference; lastKnownFileType = sourcecode.swift; path = SceneDelegate.swift; sourceTree = "<group>"; };
		C68D9182268FE7BC00FB9741 /* MapViewController.swift */ = {isa = PBXFileReference; lastKnownFileType = sourcecode.swift; path = MapViewController.swift; sourceTree = "<group>"; };
		C68D9185268FE7BC00FB9741 /* Base */ = {isa = PBXFileReference; lastKnownFileType = file.storyboard; name = Base; path = Base.lproj/Main.storyboard; sourceTree = "<group>"; };
		C68D9187268FE7BF00FB9741 /* Assets.xcassets */ = {isa = PBXFileReference; lastKnownFileType = folder.assetcatalog; path = Assets.xcassets; sourceTree = "<group>"; };
		C68D918A268FE7BF00FB9741 /* Base */ = {isa = PBXFileReference; lastKnownFileType = file.storyboard; name = Base; path = Base.lproj/LaunchScreen.storyboard; sourceTree = "<group>"; };
		C68D918C268FE7BF00FB9741 /* Info.plist */ = {isa = PBXFileReference; lastKnownFileType = text.plist.xml; path = Info.plist; sourceTree = "<group>"; };
		C68D9194268FF15C00FB9741 /* EndPoint.swift */ = {isa = PBXFileReference; lastKnownFileType = sourcecode.swift; path = EndPoint.swift; sourceTree = "<group>"; };
		C68D9196268FF28100FB9741 /* ApiClient.swift */ = {isa = PBXFileReference; lastKnownFileType = sourcecode.swift; path = ApiClient.swift; sourceTree = "<group>"; };
		C68D919A268FF30800FB9741 /* ErrorResponse.swift */ = {isa = PBXFileReference; lastKnownFileType = sourcecode.swift; path = ErrorResponse.swift; sourceTree = "<group>"; };
		C68D919C268FF3DC00FB9741 /* PhotoResponse.swift */ = {isa = PBXFileReference; lastKnownFileType = sourcecode.swift; path = PhotoResponse.swift; sourceTree = "<group>"; };
		C68D91A1268FFB9E00FB9741 /* VirtualTourist.xcdatamodel */ = {isa = PBXFileReference; lastKnownFileType = wrapper.xcdatamodel; path = VirtualTourist.xcdatamodel; sourceTree = "<group>"; };
		C68D91A6269006BA00FB9741 /* DataController.swift */ = {isa = PBXFileReference; lastKnownFileType = sourcecode.swift; path = DataController.swift; sourceTree = "<group>"; };
		C68D91A82690082D00FB9741 /* DataController+Extensions.swift */ = {isa = PBXFileReference; lastKnownFileType = sourcecode.swift; path = "DataController+Extensions.swift"; sourceTree = "<group>"; };
		C68D91AB2690089800FB9741 /* Pin+Extension.swift */ = {isa = PBXFileReference; lastKnownFileType = sourcecode.swift; path = "Pin+Extension.swift"; sourceTree = "<group>"; };
		C68D91AD269008CF00FB9741 /* Photo+Extension.swift */ = {isa = PBXFileReference; lastKnownFileType = sourcecode.swift; path = "Photo+Extension.swift"; sourceTree = "<group>"; };
		C68D91B026900C1300FB9741 /* CustomPointAnnotation.swift */ = {isa = PBXFileReference; lastKnownFileType = sourcecode.swift; path = CustomPointAnnotation.swift; sourceTree = "<group>"; };
		C68D91B326902CB600FB9741 /* PhotoViewController.swift */ = {isa = PBXFileReference; lastKnownFileType = sourcecode.swift; path = PhotoViewController.swift; sourceTree = "<group>"; };
		C68D91B52690361700FB9741 /* PhotoViewCell.swift */ = {isa = PBXFileReference; lastKnownFileType = sourcecode.swift; path = PhotoViewCell.swift; sourceTree = "<group>"; };
		C68D91B72690392300FB9741 /* PhotoViewController+Map.swift */ = {isa = PBXFileReference; lastKnownFileType = sourcecode.swift; path = "PhotoViewController+Map.swift"; sourceTree = "<group>"; };
/* End PBXFileReference section */

/* Begin PBXFrameworksBuildPhase section */
		C68D9178268FE7BC00FB9741 /* Frameworks */ = {
			isa = PBXFrameworksBuildPhase;
			buildActionMask = 2147483647;
			files = (
			);
			runOnlyForDeploymentPostprocessing = 0;
		};
/* End PBXFrameworksBuildPhase section */

/* Begin PBXGroup section */
		C68D9172268FE7BC00FB9741 = {
			isa = PBXGroup;
			children = (
				C68D917D268FE7BC00FB9741 /* VirtualTourist */,
				C68D917C268FE7BC00FB9741 /* Products */,
			);
			sourceTree = "<group>";
		};
		C68D917C268FE7BC00FB9741 /* Products */ = {
			isa = PBXGroup;
			children = (
				C68D917B268FE7BC00FB9741 /* VirtualTourist.app */,
			);
			name = Products;
			sourceTree = "<group>";
		};
		C68D917D268FE7BC00FB9741 /* VirtualTourist */ = {
			isa = PBXGroup;
			children = (
				C68D91B226900CC400FB9741 /* Storyboard */,
				C68D91AF26900BFC00FB9741 /* View */,
				C68D919E268FF96D00FB9741 /* Controller */,
				C68D9192268FF14800FB9741 /* Data */,
				C68D917E268FE7BC00FB9741 /* AppDelegate.swift */,
				C68D9180268FE7BC00FB9741 /* SceneDelegate.swift */,
				C68D9187268FE7BF00FB9741 /* Assets.xcassets */,
				C68D918C268FE7BF00FB9741 /* Info.plist */,
			);
			path = VirtualTourist;
			sourceTree = "<group>";
		};
		C68D9192268FF14800FB9741 /* Data */ = {
			isa = PBXGroup;
			children = (
				C68D919F268FFB7500FB9741 /* Storage */,
				C68D9198268FF2F800FB9741 /* Model */,
				C68D9193268FF14D00FB9741 /* Api */,
			);
			path = Data;
			sourceTree = "<group>";
		};
		C68D9193268FF14D00FB9741 /* Api */ = {
			isa = PBXGroup;
			children = (
				C68D9194268FF15C00FB9741 /* EndPoint.swift */,
				C68D9196268FF28100FB9741 /* ApiClient.swift */,
			);
			path = Api;
			sourceTree = "<group>";
		};
		C68D9198268FF2F800FB9741 /* Model */ = {
			isa = PBXGroup;
			children = (
				C68D9199268FF2FD00FB9741 /* Response */,
			);
			path = Model;
			sourceTree = "<group>";
		};
		C68D9199268FF2FD00FB9741 /* Response */ = {
			isa = PBXGroup;
			children = (
				C68D919A268FF30800FB9741 /* ErrorResponse.swift */,
				C68D919C268FF3DC00FB9741 /* PhotoResponse.swift */,
			);
			path = Response;
			sourceTree = "<group>";
		};
		C68D919E268FF96D00FB9741 /* Controller */ = {
			isa = PBXGroup;
			children = (
				C68D9182268FE7BC00FB9741 /* MapViewController.swift */,
				C68D91B326902CB600FB9741 /* PhotoViewController.swift */,
				C68D91B72690392300FB9741 /* PhotoViewController+Map.swift */,
			);
			path = Controller;
			sourceTree = "<group>";
		};
		C68D919F268FFB7500FB9741 /* Storage */ = {
			isa = PBXGroup;
			children = (
				C68D91AA2690088600FB9741 /* Managed Object Extension */,
				C68D91A0268FFB9E00FB9741 /* VirtualTourist.xcdatamodeld */,
				C68D91A6269006BA00FB9741 /* DataController.swift */,
				C68D91A82690082D00FB9741 /* DataController+Extensions.swift */,
			);
			path = Storage;
			sourceTree = "<group>";
		};
		C68D91AA2690088600FB9741 /* Managed Object Extension */ = {
			isa = PBXGroup;
			children = (
				C68D91AB2690089800FB9741 /* Pin+Extension.swift */,
				C68D91AD269008CF00FB9741 /* Photo+Extension.swift */,
			);
			path = "Managed Object Extension";
			sourceTree = "<group>";
		};
		C68D91AF26900BFC00FB9741 /* View */ = {
			isa = PBXGroup;
			children = (
				C68D91B026900C1300FB9741 /* CustomPointAnnotation.swift */,
				C68D91B52690361700FB9741 /* PhotoViewCell.swift */,
			);
			path = View;
			sourceTree = "<group>";
		};
		C68D91B226900CC400FB9741 /* Storyboard */ = {
			isa = PBXGroup;
			children = (
				C68D9189268FE7BF00FB9741 /* LaunchScreen.storyboard */,
				C68D9184268FE7BC00FB9741 /* Main.storyboard */,
			);
			path = Storyboard;
			sourceTree = "<group>";
		};
/* End PBXGroup section */

/* Begin PBXNativeTarget section */
		C68D917A268FE7BC00FB9741 /* VirtualTourist */ = {
			isa = PBXNativeTarget;
			buildConfigurationList = C68D918F268FE7BF00FB9741 /* Build configuration list for PBXNativeTarget "VirtualTourist" */;
			buildPhases = (
				C68D9177268FE7BC00FB9741 /* Sources */,
				C68D9178268FE7BC00FB9741 /* Frameworks */,
				C68D9179268FE7BC00FB9741 /* Resources */,
			);
			buildRules = (
			);
			dependencies = (
			);
			name = VirtualTourist;
			productName = VirtualTourist;
			productReference = C68D917B268FE7BC00FB9741 /* VirtualTourist.app */;
			productType = "com.apple.product-type.application";
		};
/* End PBXNativeTarget section */

/* Begin PBXProject section */
		C68D9173268FE7BC00FB9741 /* Project object */ = {
			isa = PBXProject;
			attributes = {
				LastSwiftUpdateCheck = 1250;
				LastUpgradeCheck = 1250;
				TargetAttributes = {
					C68D917A268FE7BC00FB9741 = {
						CreatedOnToolsVersion = 12.5.1;
					};
				};
			};
			buildConfigurationList = C68D9176268FE7BC00FB9741 /* Build configuration list for PBXProject "VirtualTourist" */;
			compatibilityVersion = "Xcode 9.3";
			developmentRegion = en;
			hasScannedForEncodings = 0;
			knownRegions = (
				en,
				Base,
			);
			mainGroup = C68D9172268FE7BC00FB9741;
			productRefGroup = C68D917C268FE7BC00FB9741 /* Products */;
			projectDirPath = "";
			projectRoot = "";
			targets = (
				C68D917A268FE7BC00FB9741 /* VirtualTourist */,
			);
		};
/* End PBXProject section */

/* Begin PBXResourcesBuildPhase section */
		C68D9179268FE7BC00FB9741 /* Resources */ = {
			isa = PBXResourcesBuildPhase;
			buildActionMask = 2147483647;
			files = (
				C68D918B268FE7BF00FB9741 /* LaunchScreen.storyboard in Resources */,
				C68D9188268FE7BF00FB9741 /* Assets.xcassets in Resources */,
				C68D9186268FE7BC00FB9741 /* Main.storyboard in Resources */,
			);
			runOnlyForDeploymentPostprocessing = 0;
		};
/* End PBXResourcesBuildPhase section */

/* Begin PBXSourcesBuildPhase section */
		C68D9177268FE7BC00FB9741 /* Sources */ = {
			isa = PBXSourcesBuildPhase;
			buildActionMask = 2147483647;
			files = (
				C68D9183268FE7BC00FB9741 /* MapViewController.swift in Sources */,
				C68D91B62690361700FB9741 /* PhotoViewCell.swift in Sources */,
				C68D91A92690082D00FB9741 /* DataController+Extensions.swift in Sources */,
				C68D91AE269008CF00FB9741 /* Photo+Extension.swift in Sources */,
				C68D917F268FE7BC00FB9741 /* AppDelegate.swift in Sources */,
				C68D919D268FF3DC00FB9741 /* PhotoResponse.swift in Sources */,
				C68D9195268FF15C00FB9741 /* EndPoint.swift in Sources */,
				C68D91B126900C1300FB9741 /* CustomPointAnnotation.swift in Sources */,
				C68D91A7269006BA00FB9741 /* DataController.swift in Sources */,
				C68D91A2268FFB9E00FB9741 /* VirtualTourist.xcdatamodeld in Sources */,
				C68D91B82690392300FB9741 /* PhotoViewController+Map.swift in Sources */,
				C68D919B268FF30800FB9741 /* ErrorResponse.swift in Sources */,
				C68D9181268FE7BC00FB9741 /* SceneDelegate.swift in Sources */,
				C68D91B426902CB600FB9741 /* PhotoViewController.swift in Sources */,
				C68D9197268FF28100FB9741 /* ApiClient.swift in Sources */,
				C68D91AC2690089800FB9741 /* Pin+Extension.swift in Sources */,
			);
			runOnlyForDeploymentPostprocessing = 0;
		};
/* End PBXSourcesBuildPhase section */

/* Begin PBXVariantGroup section */
		C68D9184268FE7BC00FB9741 /* Main.storyboard */ = {
			isa = PBXVariantGroup;
			children = (
				C68D9185268FE7BC00FB9741 /* Base */,
			);
			name = Main.storyboard;
			sourceTree = "<group>";
		};
		C68D9189268FE7BF00FB9741 /* LaunchScreen.storyboard */ = {
			isa = PBXVariantGroup;
			children = (
				C68D918A268FE7BF00FB9741 /* Base */,
			);
			name = LaunchScreen.storyboard;
			sourceTree = "<group>";
		};
/* End PBXVariantGroup section */

/* Begin XCBuildConfiguration section */
		C68D918D268FE7BF00FB9741 /* Debug */ = {
			isa = XCBuildConfiguration;
			buildSettings = {
				ALWAYS_SEARCH_USER_PATHS = NO;
				CLANG_ANALYZER_NONNULL = YES;
				CLANG_ANALYZER_NUMBER_OBJECT_CONVERSION = YES_AGGRESSIVE;
				CLANG_CXX_LANGUAGE_STANDARD = "gnu++14";
				CLANG_CXX_LIBRARY = "libc++";
				CLANG_ENABLE_MODULES = YES;
				CLANG_ENABLE_OBJC_ARC = YES;
				CLANG_ENABLE_OBJC_WEAK = YES;
				CLANG_WARN_BLOCK_CAPTURE_AUTORELEASING = YES;
				CLANG_WARN_BOOL_CONVERSION = YES;
				CLANG_WARN_COMMA = YES;
				CLANG_WARN_CONSTANT_CONVERSION = YES;
				CLANG_WARN_DEPRECATED_OBJC_IMPLEMENTATIONS = YES;
				CLANG_WARN_DIRECT_OBJC_ISA_USAGE = YES_ERROR;
				CLANG_WARN_DOCUMENTATION_COMMENTS = YES;
				CLANG_WARN_EMPTY_BODY = YES;
				CLANG_WARN_ENUM_CONVERSION = YES;
				CLANG_WARN_INFINITE_RECURSION = YES;
				CLANG_WARN_INT_CONVERSION = YES;
				CLANG_WARN_NON_LITERAL_NULL_CONVERSION = YES;
				CLANG_WARN_OBJC_IMPLICIT_RETAIN_SELF = YES;
				CLANG_WARN_OBJC_LITERAL_CONVERSION = YES;
				CLANG_WARN_OBJC_ROOT_CLASS = YES_ERROR;
				CLANG_WARN_QUOTED_INCLUDE_IN_FRAMEWORK_HEADER = YES;
				CLANG_WARN_RANGE_LOOP_ANALYSIS = YES;
				CLANG_WARN_STRICT_PROTOTYPES = YES;
				CLANG_WARN_SUSPICIOUS_MOVE = YES;
				CLANG_WARN_UNGUARDED_AVAILABILITY = YES_AGGRESSIVE;
				CLANG_WARN_UNREACHABLE_CODE = YES;
				CLANG_WARN__DUPLICATE_METHOD_MATCH = YES;
				COPY_PHASE_STRIP = NO;
				DEBUG_INFORMATION_FORMAT = dwarf;
				ENABLE_STRICT_OBJC_MSGSEND = YES;
				ENABLE_TESTABILITY = YES;
				GCC_C_LANGUAGE_STANDARD = gnu11;
				GCC_DYNAMIC_NO_PIC = NO;
				GCC_NO_COMMON_BLOCKS = YES;
				GCC_OPTIMIZATION_LEVEL = 0;
				GCC_PREPROCESSOR_DEFINITIONS = (
					"DEBUG=1",
					"$(inherited)",
				);
				GCC_WARN_64_TO_32_BIT_CONVERSION = YES;
				GCC_WARN_ABOUT_RETURN_TYPE = YES_ERROR;
				GCC_WARN_UNDECLARED_SELECTOR = YES;
				GCC_WARN_UNINITIALIZED_AUTOS = YES_AGGRESSIVE;
				GCC_WARN_UNUSED_FUNCTION = YES;
				GCC_WARN_UNUSED_VARIABLE = YES;
				IPHONEOS_DEPLOYMENT_TARGET = 14.5;
				MTL_ENABLE_DEBUG_INFO = INCLUDE_SOURCE;
				MTL_FAST_MATH = YES;
				ONLY_ACTIVE_ARCH = YES;
				SDKROOT = iphoneos;
				SWIFT_ACTIVE_COMPILATION_CONDITIONS = DEBUG;
				SWIFT_OPTIMIZATION_LEVEL = "-Onone";
			};
			name = Debug;
		};
		C68D918E268FE7BF00FB9741 /* Release */ = {
			isa = XCBuildConfiguration;
			buildSettings = {
				ALWAYS_SEARCH_USER_PATHS = NO;
				CLANG_ANALYZER_NONNULL = YES;
				CLANG_ANALYZER_NUMBER_OBJECT_CONVERSION = YES_AGGRESSIVE;
				CLANG_CXX_LANGUAGE_STANDARD = "gnu++14";
				CLANG_CXX_LIBRARY = "libc++";
				CLANG_ENABLE_MODULES = YES;
				CLANG_ENABLE_OBJC_ARC = YES;
				CLANG_ENABLE_OBJC_WEAK = YES;
				CLANG_WARN_BLOCK_CAPTURE_AUTORELEASING = YES;
				CLANG_WARN_BOOL_CONVERSION = YES;
				CLANG_WARN_COMMA = YES;
				CLANG_WARN_CONSTANT_CONVERSION = YES;
				CLANG_WARN_DEPRECATED_OBJC_IMPLEMENTATIONS = YES;
				CLANG_WARN_DIRECT_OBJC_ISA_USAGE = YES_ERROR;
				CLANG_WARN_DOCUMENTATION_COMMENTS = YES;
				CLANG_WARN_EMPTY_BODY = YES;
				CLANG_WARN_ENUM_CONVERSION = YES;
				CLANG_WARN_INFINITE_RECURSION = YES;
				CLANG_WARN_INT_CONVERSION = YES;
				CLANG_WARN_NON_LITERAL_NULL_CONVERSION = YES;
				CLANG_WARN_OBJC_IMPLICIT_RETAIN_SELF = YES;
				CLANG_WARN_OBJC_LITERAL_CONVERSION = YES;
				CLANG_WARN_OBJC_ROOT_CLASS = YES_ERROR;
				CLANG_WARN_QUOTED_INCLUDE_IN_FRAMEWORK_HEADER = YES;
				CLANG_WARN_RANGE_LOOP_ANALYSIS = YES;
				CLANG_WARN_STRICT_PROTOTYPES = YES;
				CLANG_WARN_SUSPICIOUS_MOVE = YES;
				CLANG_WARN_UNGUARDED_AVAILABILITY = YES_AGGRESSIVE;
				CLANG_WARN_UNREACHABLE_CODE = YES;
				CLANG_WARN__DUPLICATE_METHOD_MATCH = YES;
				COPY_PHASE_STRIP = NO;
				DEBUG_INFORMATION_FORMAT = "dwarf-with-dsym";
				ENABLE_NS_ASSERTIONS = NO;
				ENABLE_STRICT_OBJC_MSGSEND = YES;
				GCC_C_LANGUAGE_STANDARD = gnu11;
				GCC_NO_COMMON_BLOCKS = YES;
				GCC_WARN_64_TO_32_BIT_CONVERSION = YES;
				GCC_WARN_ABOUT_RETURN_TYPE = YES_ERROR;
				GCC_WARN_UNDECLARED_SELECTOR = YES;
				GCC_WARN_UNINITIALIZED_AUTOS = YES_AGGRESSIVE;
				GCC_WARN_UNUSED_FUNCTION = YES;
				GCC_WARN_UNUSED_VARIABLE = YES;
				IPHONEOS_DEPLOYMENT_TARGET = 14.5;
				MTL_ENABLE_DEBUG_INFO = NO;
				MTL_FAST_MATH = YES;
				SDKROOT = iphoneos;
				SWIFT_COMPILATION_MODE = wholemodule;
				SWIFT_OPTIMIZATION_LEVEL = "-O";
				VALIDATE_PRODUCT = YES;
			};
			name = Release;
		};
		C68D9190268FE7BF00FB9741 /* Debug */ = {
			isa = XCBuildConfiguration;
			buildSettings = {
				ASSETCATALOG_COMPILER_APPICON_NAME = AppIcon;
				ASSETCATALOG_COMPILER_GLOBAL_ACCENT_COLOR_NAME = AccentColor;
				CODE_SIGN_STYLE = Automatic;
				INFOPLIST_FILE = VirtualTourist/Info.plist;
				LD_RUNPATH_SEARCH_PATHS = (
					"$(inherited)",
					"@executable_path/Frameworks",
				);
				PRODUCT_BUNDLE_IDENTIFIER = com.rba.VirtualTourist;
				PRODUCT_NAME = "$(TARGET_NAME)";
				SWIFT_VERSION = 5.0;
				TARGETED_DEVICE_FAMILY = "1,2";
			};
			name = Debug;
		};
		C68D9191268FE7BF00FB9741 /* Release */ = {
			isa = XCBuildConfiguration;
			buildSettings = {
				ASSETCATALOG_COMPILER_APPICON_NAME = AppIcon;
				ASSETCATALOG_COMPILER_GLOBAL_ACCENT_COLOR_NAME = AccentColor;
				CODE_SIGN_STYLE = Automatic;
				INFOPLIST_FILE = VirtualTourist/Info.plist;
				LD_RUNPATH_SEARCH_PATHS = (
					"$(inherited)",
					"@executable_path/Frameworks",
				);
				PRODUCT_BUNDLE_IDENTIFIER = com.rba.VirtualTourist;
				PRODUCT_NAME = "$(TARGET_NAME)";
				SWIFT_VERSION = 5.0;
				TARGETED_DEVICE_FAMILY = "1,2";
			};
			name = Release;
		};
/* End XCBuildConfiguration section */

/* Begin XCConfigurationList section */
		C68D9176268FE7BC00FB9741 /* Build configuration list for PBXProject "VirtualTourist" */ = {
			isa = XCConfigurationList;
			buildConfigurations = (
				C68D918D268FE7BF00FB9741 /* Debug */,
				C68D918E268FE7BF00FB9741 /* Release */,
			);
			defaultConfigurationIsVisible = 0;
			defaultConfigurationName = Release;
		};
		C68D918F268FE7BF00FB9741 /* Build configuration list for PBXNativeTarget "VirtualTourist" */ = {
			isa = XCConfigurationList;
			buildConfigurations = (
				C68D9190268FE7BF00FB9741 /* Debug */,
				C68D9191268FE7BF00FB9741 /* Release */,
			);
			defaultConfigurationIsVisible = 0;
			defaultConfigurationName = Release;
		};
/* End XCConfigurationList section */

/* Begin XCVersionGroup section */
		C68D91A0268FFB9E00FB9741 /* VirtualTourist.xcdatamodeld */ = {
			isa = XCVersionGroup;
			children = (
				C68D91A1268FFB9E00FB9741 /* VirtualTourist.xcdatamodel */,
			);
			currentVersion = C68D91A1268FFB9E00FB9741 /* VirtualTourist.xcdatamodel */;
			path = VirtualTourist.xcdatamodeld;
			sourceTree = "<group>";
			versionGroupType = wrapper.xcdatamodel;
		};
/* End XCVersionGroup section */
	};
	rootObject = C68D9173268FE7BC00FB9741 /* Project object */;
}
